
Microsoft Visual Studio Solution File, Format Version 12.00
# Visual Studio Version 17
VisualStudioVersion = 17.9.34723.18
MinimumVisualStudioVersion = 10.0.40219.1
Project("{FAE04EC0-301F-11D3-BF4B-00C04F79EFBC}") = "Simple2FAFlow", "Simple2FAFlow\Simple2FAFlow.csproj", "{237E1C2F-A553-4324-8A06-7E9597A07AB5}"
EndProject
Global
	GlobalSection(SolutionConfigurationPlatforms) = preSolution
		Debug|Any CPU = Debug|Any CPU
		Release|Any CPU = Release|Any CPU
	EndGlobalSection
	GlobalSection(ProjectConfigurationPlatforms) = postSolution
		{237E1C2F-A553-4324-8A06-7E9597A07AB5}.Debug|Any CPU.ActiveCfg = Debug|Any CPU
		{237E1C2F-A553-4324-8A06-7E9597A07AB5}.Debug|Any CPU.Build.0 = Debug|Any CPU
		{237E1C2F-A553-4324-8A06-7E9597A07AB5}.Release|Any CPU.ActiveCfg = Release|Any CPU
		{237E1C2F-A553-4324-8A06-7E9597A07AB5}.Release|Any CPU.Build.0 = Release|Any CPU
	EndGlobalSection
	GlobalSection(SolutionProperties) = preSolution
		HideSolutionNode = FALSE
	EndGlobalSection
	GlobalSection(ExtensibilityGlobals) = postSolution
		SolutionGuid = {C17AF8FA-BAE2-493E-AE86-D0FF8F3CF1EE}
	EndGlobalSection
EndGlobal
